<?xml version="1.0" encoding="utf-8"?>
<Project ToolsVersion="4.0" xmlns="http://schemas.microsoft.com/developer/msbuild/2003">
  <ItemGroup>
    <ClCompile Include="direx.cpp" />
    <ClCompile Include="lib\ParamParser.cpp">
      <Filter>lib</Filter>
    </ClCompile>
    <ClCompile Include="lib\Path.cpp">
      <Filter>lib</Filter>
    </ClCompile>
  </ItemGroup>
  <ItemGroup>
    <Filter Include="lib">
      <UniqueIdentifier>{0b9ba373-1c1e-4b04-be7a-6b29e102a9d7}</UniqueIdentifier>
    </Filter>
  </ItemGroup>
  <ItemGroup>
    <ClInclude Include="lib\ParamParser.h">
      <Filter>lib</Filter>
    </ClInclude>
    <ClInclude Include="lib\Path.h">
      <Filter>lib</Filter>
    </ClInclude>
  </ItemGroup>
</Project>